
Microsoft Visual Studio Solution File, Format Version 12.00
# Visual Studio Version 17
VisualStudioVersion = 17.4.33103.184
MinimumVisualStudioVersion = 10.0.40219.1
Project("{FAE04EC0-301F-11D3-BF4B-00C04F79EFBC}") = "TrackerLibrary", "TrackerLibrary\TrackerLibrary.csproj", "{7EF50350-26F7-44C0-BAF3-C1A9707A5FBF}"
EndProject
Global
	GlobalSection(SolutionConfigurationPlatforms) = preSolution
		Debug|Any CPU = Debug|Any CPU
		Release|Any CPU = Release|Any CPU
	EndGlobalSection
	GlobalSection(ProjectConfigurationPlatforms) = postSolution
		{7EF50350-26F7-44C0-BAF3-C1A9707A5FBF}.Debug|Any CPU.ActiveCfg = Debug|Any CPU
		{7EF50350-26F7-44C0-BAF3-C1A9707A5FBF}.Debug|Any CPU.Build.0 = Debug|Any CPU
		{7EF50350-26F7-44C0-BAF3-C1A9707A5FBF}.Release|Any CPU.ActiveCfg = Release|Any CPU
		{7EF50350-26F7-44C0-BAF3-C1A9707A5FBF}.Release|Any CPU.Build.0 = Release|Any CPU
	EndGlobalSection
	GlobalSection(SolutionProperties) = preSolution
		HideSolutionNode = FALSE
	EndGlobalSection
	GlobalSection(ExtensibilityGlobals) = postSolution
		SolutionGuid = {5F49D976-83CD-4B55-B8FE-DE55B0B5F069}
	EndGlobalSection
EndGlobal
